// !$*UTF8*$!
{
	archiveVersion = 1;
	classes = {
	};
	objectVersion = 50;
	objects = {

/* Begin PBXBuildFile section */
		DE78738827AEDCCC00BF1508 /* Main.storyboard in Resources */ = {isa = PBXBuildFile; fileRef = DE78738627AEDCCC00BF1508 /* Main.storyboard */; };
		DE78738A27AEDCD000BF1508 /* Assets.xcassets in Resources */ = {isa = PBXBuildFile; fileRef = DE78738927AEDCD000BF1508 /* Assets.xcassets */; };
		DE78738D27AEDCD000BF1508 /* LaunchScreen.storyboard in Resources */ = {isa = PBXBuildFile; fileRef = DE78738B27AEDCD000BF1508 /* LaunchScreen.storyboard */; };
		DE78739827AEDCD100BF1508 /* TaskTests.swift in Sources */ = {isa = PBXBuildFile; fileRef = DE78739727AEDCD100BF1508 /* TaskTests.swift */; };
		DE7873A327AEDCD100BF1508 /* TaskUITests.swift in Sources */ = {isa = PBXBuildFile; fileRef = DE7873A227AEDCD100BF1508 /* TaskUITests.swift */; };
		DE7873B527AEE01200BF1508 /* HomeViewController.swift in Sources */ = {isa = PBXBuildFile; fileRef = DE78738427AEDCCC00BF1508 /* HomeViewController.swift */; };
		DE7873B627AEE02600BF1508 /* AppDelegate.swift in Sources */ = {isa = PBXBuildFile; fileRef = DE78738027AEDCCC00BF1508 /* AppDelegate.swift */; };
		DE7873B727AEE03200BF1508 /* SceneDelegate.swift in Sources */ = {isa = PBXBuildFile; fileRef = DE78738227AEDCCC00BF1508 /* SceneDelegate.swift */; };
		DE7873BB27AEE6E800BF1508 /* CustomView.swift in Sources */ = {isa = PBXBuildFile; fileRef = DE7873BA27AEE6E800BF1508 /* CustomView.swift */; };
		DE7873BF27AEEDD400BF1508 /* CustomButton.swift in Sources */ = {isa = PBXBuildFile; fileRef = DE7873BE27AEEDD400BF1508 /* CustomButton.swift */; };
		DE7873C127AEEE1700BF1508 /* RoundedView.swift in Sources */ = {isa = PBXBuildFile; fileRef = DE7873C027AEEE1700BF1508 /* RoundedView.swift */; };
		DE7873C327AEEE3F00BF1508 /* RoundedButton.swift in Sources */ = {isa = PBXBuildFile; fileRef = DE7873C227AEEE3F00BF1508 /* RoundedButton.swift */; };
		DEF896F227AFB795008371CF /* BlueBorderedView.swift in Sources */ = {isa = PBXBuildFile; fileRef = DEF896F127AFB795008371CF /* BlueBorderedView.swift */; };
		DEF896F427AFB7F6008371CF /* UIColor.swift in Sources */ = {isa = PBXBuildFile; fileRef = DEF896F327AFB7F6008371CF /* UIColor.swift */; };
		DEF896F627AFB872008371CF /* BorderedRoundedView.swift in Sources */ = {isa = PBXBuildFile; fileRef = DEF896F527AFB872008371CF /* BorderedRoundedView.swift */; };
		DEF896F827AFBA7B008371CF /* AccentButton.swift in Sources */ = {isa = PBXBuildFile; fileRef = DEF896F727AFBA7B008371CF /* AccentButton.swift */; };
		DEF896FB27AFBB10008371CF /* CustomLabel.swift in Sources */ = {isa = PBXBuildFile; fileRef = DEF896FA27AFBB10008371CF /* CustomLabel.swift */; };
		DEF896FD27AFBE4F008371CF /* UIFont.swift in Sources */ = {isa = PBXBuildFile; fileRef = DEF896FC27AFBE4F008371CF /* UIFont.swift */; };
		DEF896FF27AFC08F008371CF /* HeaderLabel.swift in Sources */ = {isa = PBXBuildFile; fileRef = DEF896FE27AFC08F008371CF /* HeaderLabel.swift */; };
		DEF8970127AFC0D1008371CF /* BodyLabel.swift in Sources */ = {isa = PBXBuildFile; fileRef = DEF8970027AFC0D1008371CF /* BodyLabel.swift */; };
		DEF8970327AFC3B3008371CF /* CloseButton.swift in Sources */ = {isa = PBXBuildFile; fileRef = DEF8970227AFC3B3008371CF /* CloseButton.swift */; };
		DEF8970527B02820008371CF /* GrayBorderedView.swift in Sources */ = {isa = PBXBuildFile; fileRef = DEF8970427B02820008371CF /* GrayBorderedView.swift */; };
		DEF8970727B04C0B008371CF /* SearchViewController.swift in Sources */ = {isa = PBXBuildFile; fileRef = DEF8970627B04C0B008371CF /* SearchViewController.swift */; };
		DEF8970927B04CCD008371CF /* UserTableViewCell.swift in Sources */ = {isa = PBXBuildFile; fileRef = DEF8970827B04CCD008371CF /* UserTableViewCell.swift */; };
		DEF8970F27B04DAA008371CF /* UsersTableViewDelegate.swift in Sources */ = {isa = PBXBuildFile; fileRef = DEF8970E27B04DAA008371CF /* UsersTableViewDelegate.swift */; };
		DEF8971127B04E2B008371CF /* Strings.swift in Sources */ = {isa = PBXBuildFile; fileRef = DEF8971027B04E2B008371CF /* Strings.swift */; };
		DEF8971327B0525D008371CF /* User.swift in Sources */ = {isa = PBXBuildFile; fileRef = DEF8971227B0525D008371CF /* User.swift */; };
		DEF8971527B058E5008371CF /* UIViewController.swift in Sources */ = {isa = PBXBuildFile; fileRef = DEF8971427B058E5008371CF /* UIViewController.swift */; };
		DEF8971827B05C22008371CF /* UITextField.swift in Sources */ = {isa = PBXBuildFile; fileRef = DEF8971727B05C22008371CF /* UITextField.swift */; };
		DEF8971A27B05F8B008371CF /* BottomBorderedTextField.swift in Sources */ = {isa = PBXBuildFile; fileRef = DEF8971927B05F8B008371CF /* BottomBorderedTextField.swift */; };
		DEF8971C27B0621C008371CF /* CustomTextField.swift in Sources */ = {isa = PBXBuildFile; fileRef = DEF8971B27B0621C008371CF /* CustomTextField.swift */; };
/* End PBXBuildFile section */

/* Begin PBXContainerItemProxy section */
		DE78739427AEDCD100BF1508 /* PBXContainerItemProxy */ = {
			isa = PBXContainerItemProxy;
			containerPortal = DE78737527AEDCCC00BF1508 /* Project object */;
			proxyType = 1;
			remoteGlobalIDString = DE78737C27AEDCCC00BF1508;
			remoteInfo = Task;
		};
		DE78739F27AEDCD100BF1508 /* PBXContainerItemProxy */ = {
			isa = PBXContainerItemProxy;
			containerPortal = DE78737527AEDCCC00BF1508 /* Project object */;
			proxyType = 1;
			remoteGlobalIDString = DE78737C27AEDCCC00BF1508;
			remoteInfo = Task;
		};
/* End PBXContainerItemProxy section */

/* Begin PBXFileReference section */
		DE78737D27AEDCCC00BF1508 /* Task.app */ = {isa = PBXFileReference; explicitFileType = wrapper.application; includeInIndex = 0; path = Task.app; sourceTree = BUILT_PRODUCTS_DIR; };
		DE78738027AEDCCC00BF1508 /* AppDelegate.swift */ = {isa = PBXFileReference; lastKnownFileType = sourcecode.swift; path = AppDelegate.swift; sourceTree = "<group>"; };
		DE78738227AEDCCC00BF1508 /* SceneDelegate.swift */ = {isa = PBXFileReference; lastKnownFileType = sourcecode.swift; path = SceneDelegate.swift; sourceTree = "<group>"; };
		DE78738427AEDCCC00BF1508 /* HomeViewController.swift */ = {isa = PBXFileReference; lastKnownFileType = sourcecode.swift; path = HomeViewController.swift; sourceTree = "<group>"; };
		DE78738727AEDCCC00BF1508 /* Base */ = {isa = PBXFileReference; lastKnownFileType = file.storyboard; name = Base; path = Base.lproj/Main.storyboard; sourceTree = "<group>"; };
		DE78738927AEDCD000BF1508 /* Assets.xcassets */ = {isa = PBXFileReference; lastKnownFileType = folder.assetcatalog; path = Assets.xcassets; sourceTree = "<group>"; };
		DE78738C27AEDCD000BF1508 /* Base */ = {isa = PBXFileReference; lastKnownFileType = file.storyboard; name = Base; path = Base.lproj/LaunchScreen.storyboard; sourceTree = "<group>"; };
		DE78738E27AEDCD000BF1508 /* Info.plist */ = {isa = PBXFileReference; lastKnownFileType = text.plist.xml; path = Info.plist; sourceTree = "<group>"; };
		DE78739327AEDCD100BF1508 /* TaskTests.xctest */ = {isa = PBXFileReference; explicitFileType = wrapper.cfbundle; includeInIndex = 0; path = TaskTests.xctest; sourceTree = BUILT_PRODUCTS_DIR; };
		DE78739727AEDCD100BF1508 /* TaskTests.swift */ = {isa = PBXFileReference; lastKnownFileType = sourcecode.swift; path = TaskTests.swift; sourceTree = "<group>"; };
		DE78739927AEDCD100BF1508 /* Info.plist */ = {isa = PBXFileReference; lastKnownFileType = text.plist.xml; path = Info.plist; sourceTree = "<group>"; };
		DE78739E27AEDCD100BF1508 /* TaskUITests.xctest */ = {isa = PBXFileReference; explicitFileType = wrapper.cfbundle; includeInIndex = 0; path = TaskUITests.xctest; sourceTree = BUILT_PRODUCTS_DIR; };
		DE7873A227AEDCD100BF1508 /* TaskUITests.swift */ = {isa = PBXFileReference; lastKnownFileType = sourcecode.swift; path = TaskUITests.swift; sourceTree = "<group>"; };
		DE7873A427AEDCD100BF1508 /* Info.plist */ = {isa = PBXFileReference; lastKnownFileType = text.plist.xml; path = Info.plist; sourceTree = "<group>"; };
		DE7873BA27AEE6E800BF1508 /* CustomView.swift */ = {isa = PBXFileReference; lastKnownFileType = sourcecode.swift; path = CustomView.swift; sourceTree = "<group>"; };
		DE7873BE27AEEDD400BF1508 /* CustomButton.swift */ = {isa = PBXFileReference; lastKnownFileType = sourcecode.swift; path = CustomButton.swift; sourceTree = "<group>"; };
		DE7873C027AEEE1700BF1508 /* RoundedView.swift */ = {isa = PBXFileReference; lastKnownFileType = sourcecode.swift; path = RoundedView.swift; sourceTree = "<group>"; };
		DE7873C227AEEE3F00BF1508 /* RoundedButton.swift */ = {isa = PBXFileReference; lastKnownFileType = sourcecode.swift; path = RoundedButton.swift; sourceTree = "<group>"; };
		DEF896F127AFB795008371CF /* BlueBorderedView.swift */ = {isa = PBXFileReference; lastKnownFileType = sourcecode.swift; path = BlueBorderedView.swift; sourceTree = "<group>"; };
		DEF896F327AFB7F6008371CF /* UIColor.swift */ = {isa = PBXFileReference; lastKnownFileType = sourcecode.swift; path = UIColor.swift; sourceTree = "<group>"; };
		DEF896F527AFB872008371CF /* BorderedRoundedView.swift */ = {isa = PBXFileReference; lastKnownFileType = sourcecode.swift; path = BorderedRoundedView.swift; sourceTree = "<group>"; };
		DEF896F727AFBA7B008371CF /* AccentButton.swift */ = {isa = PBXFileReference; lastKnownFileType = sourcecode.swift; path = AccentButton.swift; sourceTree = "<group>"; };
		DEF896FA27AFBB10008371CF /* CustomLabel.swift */ = {isa = PBXFileReference; lastKnownFileType = sourcecode.swift; path = CustomLabel.swift; sourceTree = "<group>"; };
		DEF896FC27AFBE4F008371CF /* UIFont.swift */ = {isa = PBXFileReference; lastKnownFileType = sourcecode.swift; path = UIFont.swift; sourceTree = "<group>"; };
		DEF896FE27AFC08F008371CF /* HeaderLabel.swift */ = {isa = PBXFileReference; lastKnownFileType = sourcecode.swift; path = HeaderLabel.swift; sourceTree = "<group>"; };
		DEF8970027AFC0D1008371CF /* BodyLabel.swift */ = {isa = PBXFileReference; lastKnownFileType = sourcecode.swift; path = BodyLabel.swift; sourceTree = "<group>"; };
		DEF8970227AFC3B3008371CF /* CloseButton.swift */ = {isa = PBXFileReference; lastKnownFileType = sourcecode.swift; path = CloseButton.swift; sourceTree = "<group>"; };
		DEF8970427B02820008371CF /* GrayBorderedView.swift */ = {isa = PBXFileReference; lastKnownFileType = sourcecode.swift; path = GrayBorderedView.swift; sourceTree = "<group>"; };
		DEF8970627B04C0B008371CF /* SearchViewController.swift */ = {isa = PBXFileReference; lastKnownFileType = sourcecode.swift; path = SearchViewController.swift; sourceTree = "<group>"; };
		DEF8970827B04CCD008371CF /* UserTableViewCell.swift */ = {isa = PBXFileReference; lastKnownFileType = sourcecode.swift; path = UserTableViewCell.swift; sourceTree = "<group>"; };
		DEF8970E27B04DAA008371CF /* UsersTableViewDelegate.swift */ = {isa = PBXFileReference; lastKnownFileType = sourcecode.swift; path = UsersTableViewDelegate.swift; sourceTree = "<group>"; };
		DEF8971027B04E2B008371CF /* Strings.swift */ = {isa = PBXFileReference; lastKnownFileType = sourcecode.swift; path = Strings.swift; sourceTree = "<group>"; };
		DEF8971227B0525D008371CF /* User.swift */ = {isa = PBXFileReference; lastKnownFileType = sourcecode.swift; path = User.swift; sourceTree = "<group>"; };
		DEF8971427B058E5008371CF /* UIViewController.swift */ = {isa = PBXFileReference; lastKnownFileType = sourcecode.swift; path = UIViewController.swift; sourceTree = "<group>"; };
		DEF8971727B05C22008371CF /* UITextField.swift */ = {isa = PBXFileReference; lastKnownFileType = sourcecode.swift; path = UITextField.swift; sourceTree = "<group>"; };
		DEF8971927B05F8B008371CF /* BottomBorderedTextField.swift */ = {isa = PBXFileReference; lastKnownFileType = sourcecode.swift; path = BottomBorderedTextField.swift; sourceTree = "<group>"; };
		DEF8971B27B0621C008371CF /* CustomTextField.swift */ = {isa = PBXFileReference; lastKnownFileType = sourcecode.swift; path = CustomTextField.swift; sourceTree = "<group>"; };
/* End PBXFileReference section */

/* Begin PBXFrameworksBuildPhase section */
		DE78737A27AEDCCC00BF1508 /* Frameworks */ = {
			isa = PBXFrameworksBuildPhase;
			buildActionMask = 2147483647;
			files = (
			);
			runOnlyForDeploymentPostprocessing = 0;
		};
		DE78739027AEDCD100BF1508 /* Frameworks */ = {
			isa = PBXFrameworksBuildPhase;
			buildActionMask = 2147483647;
			files = (
			);
			runOnlyForDeploymentPostprocessing = 0;
		};
		DE78739B27AEDCD100BF1508 /* Frameworks */ = {
			isa = PBXFrameworksBuildPhase;
			buildActionMask = 2147483647;
			files = (
			);
			runOnlyForDeploymentPostprocessing = 0;
		};
/* End PBXFrameworksBuildPhase section */

/* Begin PBXGroup section */
		DE78737427AEDCCC00BF1508 = {
			isa = PBXGroup;
			children = (
				DE78737F27AEDCCC00BF1508 /* Task */,
				DE78739627AEDCD100BF1508 /* TaskTests */,
				DE7873A127AEDCD100BF1508 /* TaskUITests */,
				DE78737E27AEDCCC00BF1508 /* Products */,
			);
			sourceTree = "<group>";
		};
		DE78737E27AEDCCC00BF1508 /* Products */ = {
			isa = PBXGroup;
			children = (
				DE78737D27AEDCCC00BF1508 /* Task.app */,
				DE78739327AEDCD100BF1508 /* TaskTests.xctest */,
				DE78739E27AEDCD100BF1508 /* TaskUITests.xctest */,
			);
			name = Products;
			sourceTree = "<group>";
		};
		DE78737F27AEDCCC00BF1508 /* Task */ = {
			isa = PBXGroup;
			children = (
				DE7873B227AEDD2F00BF1508 /* Model */,
				DE7873B127AEDD2900BF1508 /* View */,
				DE7873B027AEDD1E00BF1508 /* Controller */,
				DE7873B427AEDDA100BF1508 /* Resources */,
				DE7873B327AEDD3D00BF1508 /* SupportingFiles */,
			);
			path = Task;
			sourceTree = "<group>";
		};
		DE78739627AEDCD100BF1508 /* TaskTests */ = {
			isa = PBXGroup;
			children = (
				DE78739727AEDCD100BF1508 /* TaskTests.swift */,
				DE78739927AEDCD100BF1508 /* Info.plist */,
			);
			path = TaskTests;
			sourceTree = "<group>";
		};
		DE7873A127AEDCD100BF1508 /* TaskUITests */ = {
			isa = PBXGroup;
			children = (
				DE7873A227AEDCD100BF1508 /* TaskUITests.swift */,
				DE7873A427AEDCD100BF1508 /* Info.plist */,
			);
			path = TaskUITests;
			sourceTree = "<group>";
		};
		DE7873B027AEDD1E00BF1508 /* Controller */ = {
			isa = PBXGroup;
			children = (
				DE78738427AEDCCC00BF1508 /* HomeViewController.swift */,
				DEF8970627B04C0B008371CF /* SearchViewController.swift */,
			);
			path = Controller;
			sourceTree = "<group>";
		};
		DE7873B127AEDD2900BF1508 /* View */ = {
			isa = PBXGroup;
			children = (
				DEF8970A27B04CD3008371CF /* Cells */,
				DE7873B927AEE6C800BF1508 /* Components */,
				DE78738627AEDCCC00BF1508 /* Main.storyboard */,
			);
			path = View;
			sourceTree = "<group>";
		};
		DE7873B227AEDD2F00BF1508 /* Model */ = {
			isa = PBXGroup;
			children = (
				DEF8971227B0525D008371CF /* User.swift */,
				DEF8970C27B04D8C008371CF /* Delegates */,
			);
			path = Model;
			sourceTree = "<group>";
		};
		DE7873B327AEDD3D00BF1508 /* SupportingFiles */ = {
			isa = PBXGroup;
			children = (
				DE78738027AEDCCC00BF1508 /* AppDelegate.swift */,
				DE78738227AEDCCC00BF1508 /* SceneDelegate.swift */,
				DE78738B27AEDCD000BF1508 /* LaunchScreen.storyboard */,
				DE78738E27AEDCD000BF1508 /* Info.plist */,
			);
			path = SupportingFiles;
			sourceTree = "<group>";
		};
		DE7873B427AEDDA100BF1508 /* Resources */ = {
			isa = PBXGroup;
			children = (
				DE78738927AEDCD000BF1508 /* Assets.xcassets */,
				DEF896F327AFB7F6008371CF /* UIColor.swift */,
				DEF896FC27AFBE4F008371CF /* UIFont.swift */,
				DEF8971027B04E2B008371CF /* Strings.swift */,
			);
			path = Resources;
			sourceTree = "<group>";
		};
		DE7873B927AEE6C800BF1508 /* Components */ = {
			isa = PBXGroup;
			children = (
				DE7873BC27AEE6F400BF1508 /* UIView */,
				DE7873BD27AEEDC300BF1508 /* UIButton */,
				DEF896F927AFBACB008371CF /* UILabel */,
				DEF8971627B05BDE008371CF /* UITextField */,
				DEF8971427B058E5008371CF /* UIViewController.swift */,
			);
			path = Components;
			sourceTree = "<group>";
		};
		DE7873BC27AEE6F400BF1508 /* UIView */ = {
			isa = PBXGroup;
			children = (
				DE7873BA27AEE6E800BF1508 /* CustomView.swift */,
				DE7873C027AEEE1700BF1508 /* RoundedView.swift */,
				DEF896F527AFB872008371CF /* BorderedRoundedView.swift */,
				DEF896F127AFB795008371CF /* BlueBorderedView.swift */,
				DEF8970427B02820008371CF /* GrayBorderedView.swift */,
			);
			path = UIView;
			sourceTree = "<group>";
		};
		DE7873BD27AEEDC300BF1508 /* UIButton */ = {
			isa = PBXGroup;
			children = (
				DE7873BE27AEEDD400BF1508 /* CustomButton.swift */,
				DE7873C227AEEE3F00BF1508 /* RoundedButton.swift */,
				DEF896F727AFBA7B008371CF /* AccentButton.swift */,
				DEF8970227AFC3B3008371CF /* CloseButton.swift */,
			);
			path = UIButton;
			sourceTree = "<group>";
		};
		DEF896F927AFBACB008371CF /* UILabel */ = {
			isa = PBXGroup;
			children = (
				DEF896FA27AFBB10008371CF /* CustomLabel.swift */,
				DEF896FE27AFC08F008371CF /* HeaderLabel.swift */,
				DEF8970027AFC0D1008371CF /* BodyLabel.swift */,
			);
			path = UILabel;
			sourceTree = "<group>";
		};
		DEF8970A27B04CD3008371CF /* Cells */ = {
			isa = PBXGroup;
			children = (
				DEF8970B27B04CE7008371CF /* TableViewCells */,
			);
			path = Cells;
			sourceTree = "<group>";
		};
		DEF8970B27B04CE7008371CF /* TableViewCells */ = {
			isa = PBXGroup;
			children = (
				DEF8970827B04CCD008371CF /* UserTableViewCell.swift */,
			);
			path = TableViewCells;
			sourceTree = "<group>";
		};
		DEF8970C27B04D8C008371CF /* Delegates */ = {
			isa = PBXGroup;
			children = (
				DEF8970D27B04D94008371CF /* TableViewDelegates */,
			);
			path = Delegates;
			sourceTree = "<group>";
		};
		DEF8970D27B04D94008371CF /* TableViewDelegates */ = {
			isa = PBXGroup;
			children = (
				DEF8970E27B04DAA008371CF /* UsersTableViewDelegate.swift */,
			);
			path = TableViewDelegates;
			sourceTree = "<group>";
		};
		DEF8971627B05BDE008371CF /* UITextField */ = {
			isa = PBXGroup;
			children = (
				DEF8971727B05C22008371CF /* UITextField.swift */,
				DEF8971B27B0621C008371CF /* CustomTextField.swift */,
				DEF8971927B05F8B008371CF /* BottomBorderedTextField.swift */,
			);
			path = UITextField;
			sourceTree = "<group>";
		};
/* End PBXGroup section */

/* Begin PBXNativeTarget section */
		DE78737C27AEDCCC00BF1508 /* Task */ = {
			isa = PBXNativeTarget;
			buildConfigurationList = DE7873A727AEDCD100BF1508 /* Build configuration list for PBXNativeTarget "Task" */;
			buildPhases = (
				DE78737927AEDCCC00BF1508 /* Sources */,
				DE78737A27AEDCCC00BF1508 /* Frameworks */,
				DE78737B27AEDCCC00BF1508 /* Resources */,
			);
			buildRules = (
			);
			dependencies = (
			);
			name = Task;
			productName = Task;
			productReference = DE78737D27AEDCCC00BF1508 /* Task.app */;
			productType = "com.apple.product-type.application";
		};
		DE78739227AEDCD100BF1508 /* TaskTests */ = {
			isa = PBXNativeTarget;
			buildConfigurationList = DE7873AA27AEDCD100BF1508 /* Build configuration list for PBXNativeTarget "TaskTests" */;
			buildPhases = (
				DE78738F27AEDCD100BF1508 /* Sources */,
				DE78739027AEDCD100BF1508 /* Frameworks */,
				DE78739127AEDCD100BF1508 /* Resources */,
			);
			buildRules = (
			);
			dependencies = (
				DE78739527AEDCD100BF1508 /* PBXTargetDependency */,
			);
			name = TaskTests;
			productName = TaskTests;
			productReference = DE78739327AEDCD100BF1508 /* TaskTests.xctest */;
			productType = "com.apple.product-type.bundle.unit-test";
		};
		DE78739D27AEDCD100BF1508 /* TaskUITests */ = {
			isa = PBXNativeTarget;
			buildConfigurationList = DE7873AD27AEDCD100BF1508 /* Build configuration list for PBXNativeTarget "TaskUITests" */;
			buildPhases = (
				DE78739A27AEDCD100BF1508 /* Sources */,
				DE78739B27AEDCD100BF1508 /* Frameworks */,
				DE78739C27AEDCD100BF1508 /* Resources */,
			);
			buildRules = (
			);
			dependencies = (
				DE7873A027AEDCD100BF1508 /* PBXTargetDependency */,
			);
			name = TaskUITests;
			productName = TaskUITests;
			productReference = DE78739E27AEDCD100BF1508 /* TaskUITests.xctest */;
			productType = "com.apple.product-type.bundle.ui-testing";
		};
/* End PBXNativeTarget section */

/* Begin PBXProject section */
		DE78737527AEDCCC00BF1508 /* Project object */ = {
			isa = PBXProject;
			attributes = {
				LastSwiftUpdateCheck = 1250;
				LastUpgradeCheck = 1250;
				TargetAttributes = {
					DE78737C27AEDCCC00BF1508 = {
						CreatedOnToolsVersion = 12.5.1;
					};
					DE78739227AEDCD100BF1508 = {
						CreatedOnToolsVersion = 12.5.1;
						TestTargetID = DE78737C27AEDCCC00BF1508;
					};
					DE78739D27AEDCD100BF1508 = {
						CreatedOnToolsVersion = 12.5.1;
						TestTargetID = DE78737C27AEDCCC00BF1508;
					};
				};
			};
			buildConfigurationList = DE78737827AEDCCC00BF1508 /* Build configuration list for PBXProject "Task" */;
			compatibilityVersion = "Xcode 9.3";
			developmentRegion = en;
			hasScannedForEncodings = 0;
			knownRegions = (
				en,
				Base,
			);
			mainGroup = DE78737427AEDCCC00BF1508;
			productRefGroup = DE78737E27AEDCCC00BF1508 /* Products */;
			projectDirPath = "";
			projectRoot = "";
			targets = (
				DE78737C27AEDCCC00BF1508 /* Task */,
				DE78739227AEDCD100BF1508 /* TaskTests */,
				DE78739D27AEDCD100BF1508 /* TaskUITests */,
			);
		};
/* End PBXProject section */

/* Begin PBXResourcesBuildPhase section */
		DE78737B27AEDCCC00BF1508 /* Resources */ = {
			isa = PBXResourcesBuildPhase;
			buildActionMask = 2147483647;
			files = (
				DE78738D27AEDCD000BF1508 /* LaunchScreen.storyboard in Resources */,
				DE78738A27AEDCD000BF1508 /* Assets.xcassets in Resources */,
				DE78738827AEDCCC00BF1508 /* Main.storyboard in Resources */,
			);
			runOnlyForDeploymentPostprocessing = 0;
		};
		DE78739127AEDCD100BF1508 /* Resources */ = {
			isa = PBXResourcesBuildPhase;
			buildActionMask = 2147483647;
			files = (
			);
			runOnlyForDeploymentPostprocessing = 0;
		};
		DE78739C27AEDCD100BF1508 /* Resources */ = {
			isa = PBXResourcesBuildPhase;
			buildActionMask = 2147483647;
			files = (
			);
			runOnlyForDeploymentPostprocessing = 0;
		};
/* End PBXResourcesBuildPhase section */

/* Begin PBXSourcesBuildPhase section */
		DE78737927AEDCCC00BF1508 /* Sources */ = {
			isa = PBXSourcesBuildPhase;
			buildActionMask = 2147483647;
			files = (
				DEF8971C27B0621C008371CF /* CustomTextField.swift in Sources */,
				DE7873B527AEE01200BF1508 /* HomeViewController.swift in Sources */,
				DE7873BB27AEE6E800BF1508 /* CustomView.swift in Sources */,
				DE7873C127AEEE1700BF1508 /* RoundedView.swift in Sources */,
				DEF896F227AFB795008371CF /* BlueBorderedView.swift in Sources */,
				DEF8971A27B05F8B008371CF /* BottomBorderedTextField.swift in Sources */,
				DEF896F427AFB7F6008371CF /* UIColor.swift in Sources */,
				DE7873B627AEE02600BF1508 /* AppDelegate.swift in Sources */,
				DEF8971527B058E5008371CF /* UIViewController.swift in Sources */,
				DEF8970527B02820008371CF /* GrayBorderedView.swift in Sources */,
				DE7873C327AEEE3F00BF1508 /* RoundedButton.swift in Sources */,
				DEF896FF27AFC08F008371CF /* HeaderLabel.swift in Sources */,
				DEF896FB27AFBB10008371CF /* CustomLabel.swift in Sources */,
				DEF8971827B05C22008371CF /* UITextField.swift in Sources */,
				DEF8971327B0525D008371CF /* User.swift in Sources */,
				DEF896F827AFBA7B008371CF /* AccentButton.swift in Sources */,
				DEF896FD27AFBE4F008371CF /* UIFont.swift in Sources */,
				DEF8970927B04CCD008371CF /* UserTableViewCell.swift in Sources */,
				DEF8971127B04E2B008371CF /* Strings.swift in Sources */,
				DEF8970727B04C0B008371CF /* SearchViewController.swift in Sources */,
				DE7873B727AEE03200BF1508 /* SceneDelegate.swift in Sources */,
				DEF8970127AFC0D1008371CF /* BodyLabel.swift in Sources */,
				DE7873BF27AEEDD400BF1508 /* CustomButton.swift in Sources */,
				DEF8970327AFC3B3008371CF /* CloseButton.swift in Sources */,
				DEF896F627AFB872008371CF /* BorderedRoundedView.swift in Sources */,
				DEF8970F27B04DAA008371CF /* UsersTableViewDelegate.swift in Sources */,
			);
			runOnlyForDeploymentPostprocessing = 0;
		};
		DE78738F27AEDCD100BF1508 /* Sources */ = {
			isa = PBXSourcesBuildPhase;
			buildActionMask = 2147483647;
			files = (
				DE78739827AEDCD100BF1508 /* TaskTests.swift in Sources */,
			);
			runOnlyForDeploymentPostprocessing = 0;
		};
		DE78739A27AEDCD100BF1508 /* Sources */ = {
			isa = PBXSourcesBuildPhase;
			buildActionMask = 2147483647;
			files = (
				DE7873A327AEDCD100BF1508 /* TaskUITests.swift in Sources */,
			);
			runOnlyForDeploymentPostprocessing = 0;
		};
/* End PBXSourcesBuildPhase section */

/* Begin PBXTargetDependency section */
		DE78739527AEDCD100BF1508 /* PBXTargetDependency */ = {
			isa = PBXTargetDependency;
			target = DE78737C27AEDCCC00BF1508 /* Task */;
			targetProxy = DE78739427AEDCD100BF1508 /* PBXContainerItemProxy */;
		};
		DE7873A027AEDCD100BF1508 /* PBXTargetDependency */ = {
			isa = PBXTargetDependency;
			target = DE78737C27AEDCCC00BF1508 /* Task */;
			targetProxy = DE78739F27AEDCD100BF1508 /* PBXContainerItemProxy */;
		};
/* End PBXTargetDependency section */

/* Begin PBXVariantGroup section */
		DE78738627AEDCCC00BF1508 /* Main.storyboard */ = {
			isa = PBXVariantGroup;
			children = (
				DE78738727AEDCCC00BF1508 /* Base */,
			);
			name = Main.storyboard;
			sourceTree = "<group>";
		};
		DE78738B27AEDCD000BF1508 /* LaunchScreen.storyboard */ = {
			isa = PBXVariantGroup;
			children = (
				DE78738C27AEDCD000BF1508 /* Base */,
			);
			name = LaunchScreen.storyboard;
			sourceTree = "<group>";
		};
/* End PBXVariantGroup section */

/* Begin XCBuildConfiguration section */
		DE7873A527AEDCD100BF1508 /* Debug */ = {
			isa = XCBuildConfiguration;
			buildSettings = {
				ALWAYS_SEARCH_USER_PATHS = NO;
				CLANG_ANALYZER_NONNULL = YES;
				CLANG_ANALYZER_NUMBER_OBJECT_CONVERSION = YES_AGGRESSIVE;
				CLANG_CXX_LANGUAGE_STANDARD = "gnu++14";
				CLANG_CXX_LIBRARY = "libc++";
				CLANG_ENABLE_MODULES = YES;
				CLANG_ENABLE_OBJC_ARC = YES;
				CLANG_ENABLE_OBJC_WEAK = YES;
				CLANG_WARN_BLOCK_CAPTURE_AUTORELEASING = YES;
				CLANG_WARN_BOOL_CONVERSION = YES;
				CLANG_WARN_COMMA = YES;
				CLANG_WARN_CONSTANT_CONVERSION = YES;
				CLANG_WARN_DEPRECATED_OBJC_IMPLEMENTATIONS = YES;
				CLANG_WARN_DIRECT_OBJC_ISA_USAGE = YES_ERROR;
				CLANG_WARN_DOCUMENTATION_COMMENTS = YES;
				CLANG_WARN_EMPTY_BODY = YES;
				CLANG_WARN_ENUM_CONVERSION = YES;
				CLANG_WARN_INFINITE_RECURSION = YES;
				CLANG_WARN_INT_CONVERSION = YES;
				CLANG_WARN_NON_LITERAL_NULL_CONVERSION = YES;
				CLANG_WARN_OBJC_IMPLICIT_RETAIN_SELF = YES;
				CLANG_WARN_OBJC_LITERAL_CONVERSION = YES;
				CLANG_WARN_OBJC_ROOT_CLASS = YES_ERROR;
				CLANG_WARN_QUOTED_INCLUDE_IN_FRAMEWORK_HEADER = YES;
				CLANG_WARN_RANGE_LOOP_ANALYSIS = YES;
				CLANG_WARN_STRICT_PROTOTYPES = YES;
				CLANG_WARN_SUSPICIOUS_MOVE = YES;
				CLANG_WARN_UNGUARDED_AVAILABILITY = YES_AGGRESSIVE;
				CLANG_WARN_UNREACHABLE_CODE = YES;
				CLANG_WARN__DUPLICATE_METHOD_MATCH = YES;
				COPY_PHASE_STRIP = NO;
				DEBUG_INFORMATION_FORMAT = dwarf;
				ENABLE_STRICT_OBJC_MSGSEND = YES;
				ENABLE_TESTABILITY = YES;
				GCC_C_LANGUAGE_STANDARD = gnu11;
				GCC_DYNAMIC_NO_PIC = NO;
				GCC_NO_COMMON_BLOCKS = YES;
				GCC_OPTIMIZATION_LEVEL = 0;
				GCC_PREPROCESSOR_DEFINITIONS = (
					"DEBUG=1",
					"$(inherited)",
				);
				GCC_WARN_64_TO_32_BIT_CONVERSION = YES;
				GCC_WARN_ABOUT_RETURN_TYPE = YES_ERROR;
				GCC_WARN_UNDECLARED_SELECTOR = YES;
				GCC_WARN_UNINITIALIZED_AUTOS = YES_AGGRESSIVE;
				GCC_WARN_UNUSED_FUNCTION = YES;
				GCC_WARN_UNUSED_VARIABLE = YES;
				IPHONEOS_DEPLOYMENT_TARGET = 14.5;
				MTL_ENABLE_DEBUG_INFO = INCLUDE_SOURCE;
				MTL_FAST_MATH = YES;
				ONLY_ACTIVE_ARCH = YES;
				SDKROOT = iphoneos;
				SWIFT_ACTIVE_COMPILATION_CONDITIONS = DEBUG;
				SWIFT_OPTIMIZATION_LEVEL = "-Onone";
			};
			name = Debug;
		};
		DE7873A627AEDCD100BF1508 /* Release */ = {
			isa = XCBuildConfiguration;
			buildSettings = {
				ALWAYS_SEARCH_USER_PATHS = NO;
				CLANG_ANALYZER_NONNULL = YES;
				CLANG_ANALYZER_NUMBER_OBJECT_CONVERSION = YES_AGGRESSIVE;
				CLANG_CXX_LANGUAGE_STANDARD = "gnu++14";
				CLANG_CXX_LIBRARY = "libc++";
				CLANG_ENABLE_MODULES = YES;
				CLANG_ENABLE_OBJC_ARC = YES;
				CLANG_ENABLE_OBJC_WEAK = YES;
				CLANG_WARN_BLOCK_CAPTURE_AUTORELEASING = YES;
				CLANG_WARN_BOOL_CONVERSION = YES;
				CLANG_WARN_COMMA = YES;
				CLANG_WARN_CONSTANT_CONVERSION = YES;
				CLANG_WARN_DEPRECATED_OBJC_IMPLEMENTATIONS = YES;
				CLANG_WARN_DIRECT_OBJC_ISA_USAGE = YES_ERROR;
				CLANG_WARN_DOCUMENTATION_COMMENTS = YES;
				CLANG_WARN_EMPTY_BODY = YES;
				CLANG_WARN_ENUM_CONVERSION = YES;
				CLANG_WARN_INFINITE_RECURSION = YES;
				CLANG_WARN_INT_CONVERSION = YES;
				CLANG_WARN_NON_LITERAL_NULL_CONVERSION = YES;
				CLANG_WARN_OBJC_IMPLICIT_RETAIN_SELF = YES;
				CLANG_WARN_OBJC_LITERAL_CONVERSION = YES;
				CLANG_WARN_OBJC_ROOT_CLASS = YES_ERROR;
				CLANG_WARN_QUOTED_INCLUDE_IN_FRAMEWORK_HEADER = YES;
				CLANG_WARN_RANGE_LOOP_ANALYSIS = YES;
				CLANG_WARN_STRICT_PROTOTYPES = YES;
				CLANG_WARN_SUSPICIOUS_MOVE = YES;
				CLANG_WARN_UNGUARDED_AVAILABILITY = YES_AGGRESSIVE;
				CLANG_WARN_UNREACHABLE_CODE = YES;
				CLANG_WARN__DUPLICATE_METHOD_MATCH = YES;
				COPY_PHASE_STRIP = NO;
				DEBUG_INFORMATION_FORMAT = "dwarf-with-dsym";
				ENABLE_NS_ASSERTIONS = NO;
				ENABLE_STRICT_OBJC_MSGSEND = YES;
				GCC_C_LANGUAGE_STANDARD = gnu11;
				GCC_NO_COMMON_BLOCKS = YES;
				GCC_WARN_64_TO_32_BIT_CONVERSION = YES;
				GCC_WARN_ABOUT_RETURN_TYPE = YES_ERROR;
				GCC_WARN_UNDECLARED_SELECTOR = YES;
				GCC_WARN_UNINITIALIZED_AUTOS = YES_AGGRESSIVE;
				GCC_WARN_UNUSED_FUNCTION = YES;
				GCC_WARN_UNUSED_VARIABLE = YES;
				IPHONEOS_DEPLOYMENT_TARGET = 14.5;
				MTL_ENABLE_DEBUG_INFO = NO;
				MTL_FAST_MATH = YES;
				SDKROOT = iphoneos;
				SWIFT_COMPILATION_MODE = wholemodule;
				SWIFT_OPTIMIZATION_LEVEL = "-O";
				VALIDATE_PRODUCT = YES;
			};
			name = Release;
		};
		DE7873A827AEDCD100BF1508 /* Debug */ = {
			isa = XCBuildConfiguration;
			buildSettings = {
				ASSETCATALOG_COMPILER_APPICON_NAME = AppIcon;
				ASSETCATALOG_COMPILER_GLOBAL_ACCENT_COLOR_NAME = AccentColor;
				CODE_SIGN_STYLE = Automatic;
				CURRENT_PROJECT_VERSION = 1;
				DEVELOPMENT_TEAM = 3QN7DG53LR;
				INFOPLIST_FILE = Task/SupportingFiles/Info.plist;
				IPHONEOS_DEPLOYMENT_TARGET = 12.3;
				LD_RUNPATH_SEARCH_PATHS = (
					"$(inherited)",
					"@executable_path/Frameworks",
				);
				MARKETING_VERSION = 1.0.0;
				PRODUCT_BUNDLE_IDENTIFIER = com.alibaba.international.Task;
				PRODUCT_NAME = "$(TARGET_NAME)";
				SWIFT_VERSION = 5.0;
				TARGETED_DEVICE_FAMILY = "1,2";
			};
			name = Debug;
		};
		DE7873A927AEDCD100BF1508 /* Release */ = {
			isa = XCBuildConfiguration;
			buildSettings = {
				ASSETCATALOG_COMPILER_APPICON_NAME = AppIcon;
				ASSETCATALOG_COMPILER_GLOBAL_ACCENT_COLOR_NAME = AccentColor;
				CODE_SIGN_STYLE = Automatic;
				CURRENT_PROJECT_VERSION = 1;
				DEVELOPMENT_TEAM = 3QN7DG53LR;
				INFOPLIST_FILE = Task/SupportingFiles/Info.plist;
				IPHONEOS_DEPLOYMENT_TARGET = 12.3;
				LD_RUNPATH_SEARCH_PATHS = (
					"$(inherited)",
					"@executable_path/Frameworks",
				);
				MARKETING_VERSION = 1.0.0;
				PRODUCT_BUNDLE_IDENTIFIER = com.alibaba.international.Task;
				PRODUCT_NAME = "$(TARGET_NAME)";
				SWIFT_VERSION = 5.0;
				TARGETED_DEVICE_FAMILY = "1,2";
			};
			name = Release;
		};
		DE7873AB27AEDCD100BF1508 /* Debug */ = {
			isa = XCBuildConfiguration;
			buildSettings = {
				ALWAYS_EMBED_SWIFT_STANDARD_LIBRARIES = YES;
				BUNDLE_LOADER = "$(TEST_HOST)";
				CODE_SIGN_STYLE = Automatic;
				DEVELOPMENT_TEAM = 3QN7DG53LR;
				INFOPLIST_FILE = TaskTests/Info.plist;
				IPHONEOS_DEPLOYMENT_TARGET = 14.5;
				LD_RUNPATH_SEARCH_PATHS = (
					"$(inherited)",
					"@executable_path/Frameworks",
					"@loader_path/Frameworks",
				);
				PRODUCT_BUNDLE_IDENTIFIER = com.alibaba.international.TaskTests;
				PRODUCT_NAME = "$(TARGET_NAME)";
				SWIFT_VERSION = 5.0;
				TARGETED_DEVICE_FAMILY = "1,2";
				TEST_HOST = "$(BUILT_PRODUCTS_DIR)/Task.app/Task";
			};
			name = Debug;
		};
		DE7873AC27AEDCD100BF1508 /* Release */ = {
			isa = XCBuildConfiguration;
			buildSettings = {
				ALWAYS_EMBED_SWIFT_STANDARD_LIBRARIES = YES;
				BUNDLE_LOADER = "$(TEST_HOST)";
				CODE_SIGN_STYLE = Automatic;
				DEVELOPMENT_TEAM = 3QN7DG53LR;
				INFOPLIST_FILE = TaskTests/Info.plist;
				IPHONEOS_DEPLOYMENT_TARGET = 14.5;
				LD_RUNPATH_SEARCH_PATHS = (
					"$(inherited)",
					"@executable_path/Frameworks",
					"@loader_path/Frameworks",
				);
				PRODUCT_BUNDLE_IDENTIFIER = com.alibaba.international.TaskTests;
				PRODUCT_NAME = "$(TARGET_NAME)";
				SWIFT_VERSION = 5.0;
				TARGETED_DEVICE_FAMILY = "1,2";
				TEST_HOST = "$(BUILT_PRODUCTS_DIR)/Task.app/Task";
			};
			name = Release;
		};
		DE7873AE27AEDCD100BF1508 /* Debug */ = {
			isa = XCBuildConfiguration;
			buildSettings = {
				ALWAYS_EMBED_SWIFT_STANDARD_LIBRARIES = YES;
				CODE_SIGN_STYLE = Automatic;
				DEVELOPMENT_TEAM = 3QN7DG53LR;
				INFOPLIST_FILE = TaskUITests/Info.plist;
				LD_RUNPATH_SEARCH_PATHS = (
					"$(inherited)",
					"@executable_path/Frameworks",
					"@loader_path/Frameworks",
				);
				PRODUCT_BUNDLE_IDENTIFIER = com.alibaba.international.TaskUITests;
				PRODUCT_NAME = "$(TARGET_NAME)";
				SWIFT_VERSION = 5.0;
				TARGETED_DEVICE_FAMILY = "1,2";
				TEST_TARGET_NAME = Task;
			};
			name = Debug;
		};
		DE7873AF27AEDCD100BF1508 /* Release */ = {
			isa = XCBuildConfiguration;
			buildSettings = {
				ALWAYS_EMBED_SWIFT_STANDARD_LIBRARIES = YES;
				CODE_SIGN_STYLE = Automatic;
				DEVELOPMENT_TEAM = 3QN7DG53LR;
				INFOPLIST_FILE = TaskUITests/Info.plist;
				LD_RUNPATH_SEARCH_PATHS = (
					"$(inherited)",
					"@executable_path/Frameworks",
					"@loader_path/Frameworks",
				);
				PRODUCT_BUNDLE_IDENTIFIER = com.alibaba.international.TaskUITests;
				PRODUCT_NAME = "$(TARGET_NAME)";
				SWIFT_VERSION = 5.0;
				TARGETED_DEVICE_FAMILY = "1,2";
				TEST_TARGET_NAME = Task;
			};
			name = Release;
		};
/* End XCBuildConfiguration section */

/* Begin XCConfigurationList section */
		DE78737827AEDCCC00BF1508 /* Build configuration list for PBXProject "Task" */ = {
			isa = XCConfigurationList;
			buildConfigurations = (
				DE7873A527AEDCD100BF1508 /* Debug */,
				DE7873A627AEDCD100BF1508 /* Release */,
			);
			defaultConfigurationIsVisible = 0;
			defaultConfigurationName = Release;
		};
		DE7873A727AEDCD100BF1508 /* Build configuration list for PBXNativeTarget "Task" */ = {
			isa = XCConfigurationList;
			buildConfigurations = (
				DE7873A827AEDCD100BF1508 /* Debug */,
				DE7873A927AEDCD100BF1508 /* Release */,
			);
			defaultConfigurationIsVisible = 0;
			defaultConfigurationName = Release;
		};
		DE7873AA27AEDCD100BF1508 /* Build configuration list for PBXNativeTarget "TaskTests" */ = {
			isa = XCConfigurationList;
			buildConfigurations = (
				DE7873AB27AEDCD100BF1508 /* Debug */,
				DE7873AC27AEDCD100BF1508 /* Release */,
			);
			defaultConfigurationIsVisible = 0;
			defaultConfigurationName = Release;
		};
		DE7873AD27AEDCD100BF1508 /* Build configuration list for PBXNativeTarget "TaskUITests" */ = {
			isa = XCConfigurationList;
			buildConfigurations = (
				DE7873AE27AEDCD100BF1508 /* Debug */,
				DE7873AF27AEDCD100BF1508 /* Release */,
			);
			defaultConfigurationIsVisible = 0;
			defaultConfigurationName = Release;
		};
/* End XCConfigurationList section */
	};
	rootObject = DE78737527AEDCCC00BF1508 /* Project object */;
}
